
Microsoft Visual Studio Solution File, Format Version 12.00
# Visual Studio Version 16
VisualStudioVersion = 16.0.29102.190
MinimumVisualStudioVersion = 10.0.40219.1
Project("{FAE04EC0-301F-11D3-BF4B-00C04F79EFBC}") = "SousChapp", "SousChapp\SousChapp.csproj", "{48EA2FA0-2DEE-4E86-9057-B6E73DD4BA5A}"
EndProject
Project("{2150E333-8FDC-42A3-9474-1A3956D46DE8}") = "Solution Items", "Solution Items", "{8AF81A0D-1794-4B17-841A-A809B3F6D53C}"
EndProject
Global
	GlobalSection(SolutionConfigurationPlatforms) = preSolution
		Debug|Any CPU = Debug|Any CPU
		Release|Any CPU = Release|Any CPU
	EndGlobalSection
	GlobalSection(ProjectConfigurationPlatforms) = postSolution
		{48EA2FA0-2DEE-4E86-9057-B6E73DD4BA5A}.Debug|Any CPU.ActiveCfg = Debug|Any CPU
		{48EA2FA0-2DEE-4E86-9057-B6E73DD4BA5A}.Debug|Any CPU.Build.0 = Debug|Any CPU
		{48EA2FA0-2DEE-4E86-9057-B6E73DD4BA5A}.Release|Any CPU.ActiveCfg = Release|Any CPU
		{48EA2FA0-2DEE-4E86-9057-B6E73DD4BA5A}.Release|Any CPU.Build.0 = Release|Any CPU
	EndGlobalSection
	GlobalSection(SolutionProperties) = preSolution
		HideSolutionNode = FALSE
	EndGlobalSection
	GlobalSection(ExtensibilityGlobals) = postSolution
		SolutionGuid = {CF96B12F-61A6-475C-86E9-5690D8581249}
	EndGlobalSection
EndGlobal
